
Microsoft Visual Studio Solution File, Format Version 12.00
# Visual Studio Version 17
VisualStudioVersion = 17.4.33103.184
MinimumVisualStudioVersion = 10.0.40219.1
Project("{FAE04EC0-301F-11D3-BF4B-00C04F79EFBC}") = "StudentFeedback", "StudentFeedback\StudentFeedback.csproj", "{C7E47C90-16FB-456E-BA57-4FC753BA7B76}"
EndProject
Global
	GlobalSection(SolutionConfigurationPlatforms) = preSolution
		Debug|Any CPU = Debug|Any CPU
		Release|Any CPU = Release|Any CPU
	EndGlobalSection
	GlobalSection(ProjectConfigurationPlatforms) = postSolution
		{C7E47C90-16FB-456E-BA57-4FC753BA7B76}.Debug|Any CPU.ActiveCfg = Debug|Any CPU
		{C7E47C90-16FB-456E-BA57-4FC753BA7B76}.Debug|Any CPU.Build.0 = Debug|Any CPU
		{C7E47C90-16FB-456E-BA57-4FC753BA7B76}.Release|Any CPU.ActiveCfg = Release|Any CPU
		{C7E47C90-16FB-456E-BA57-4FC753BA7B76}.Release|Any CPU.Build.0 = Release|Any CPU
	EndGlobalSection
	GlobalSection(SolutionProperties) = preSolution
		HideSolutionNode = FALSE
	EndGlobalSection
	GlobalSection(ExtensibilityGlobals) = postSolution
		SolutionGuid = {3A95C0F7-D851-451F-ADA4-BCDB4EBA4980}
	EndGlobalSection
EndGlobal
